
Microsoft Visual Studio Solution File, Format Version 12.00
# Visual Studio Version 17
VisualStudioVersion = 17.1.32414.318
MinimumVisualStudioVersion = 10.0.40219.1
Project("{9A19103F-16F7-4668-BE54-9A1E7A4F7556}") = "BookPortalAPI", "BookPortalAPI\BookPortalAPI.csproj", "{774C4957-2793-4B5D-87FE-ACD6A4679896}"
EndProject
Global
	GlobalSection(SolutionConfigurationPlatforms) = preSolution
		Debug|Any CPU = Debug|Any CPU
		Release|Any CPU = Release|Any CPU
	EndGlobalSection
	GlobalSection(ProjectConfigurationPlatforms) = postSolution
		{774C4957-2793-4B5D-87FE-ACD6A4679896}.Debug|Any CPU.ActiveCfg = Debug|Any CPU
		{774C4957-2793-4B5D-87FE-ACD6A4679896}.Debug|Any CPU.Build.0 = Debug|Any CPU
		{774C4957-2793-4B5D-87FE-ACD6A4679896}.Release|Any CPU.ActiveCfg = Release|Any CPU
		{774C4957-2793-4B5D-87FE-ACD6A4679896}.Release|Any CPU.Build.0 = Release|Any CPU
	EndGlobalSection
	GlobalSection(SolutionProperties) = preSolution
		HideSolutionNode = FALSE
	EndGlobalSection
	GlobalSection(ExtensibilityGlobals) = postSolution
		SolutionGuid = {AD2057D1-C0AA-4C44-8F97-413CB71F0E1D}
	EndGlobalSection
EndGlobal
